
Microsoft Visual Studio Solution File, Format Version 12.00
# Visual Studio Version 16
VisualStudioVersion = 16.0.30717.126
MinimumVisualStudioVersion = 10.0.40219.1
Project("{FAE04EC0-301F-11D3-BF4B-00C04F79EFBC}") = "AS6", "AS6.csproj", "{A2F5EA90-3B2D-4D9C-83A7-0090AE763828}"
EndProject
Global
	GlobalSection(SolutionConfigurationPlatforms) = preSolution
		Debug|Any CPU = Debug|Any CPU
		Release|Any CPU = Release|Any CPU
	EndGlobalSection
	GlobalSection(ProjectConfigurationPlatforms) = postSolution
		{A2F5EA90-3B2D-4D9C-83A7-0090AE763828}.Debug|Any CPU.ActiveCfg = Debug|Any CPU
		{A2F5EA90-3B2D-4D9C-83A7-0090AE763828}.Debug|Any CPU.Build.0 = Debug|Any CPU
		{A2F5EA90-3B2D-4D9C-83A7-0090AE763828}.Release|Any CPU.ActiveCfg = Release|Any CPU
		{A2F5EA90-3B2D-4D9C-83A7-0090AE763828}.Release|Any CPU.Build.0 = Release|Any CPU
	EndGlobalSection
	GlobalSection(SolutionProperties) = preSolution
		HideSolutionNode = FALSE
	EndGlobalSection
	GlobalSection(ExtensibilityGlobals) = postSolution
		SolutionGuid = {3CF4749B-D104-415D-8FAE-B4A1DC6FB06C}
	EndGlobalSection
EndGlobal
